
Microsoft Visual Studio Solution File, Format Version 12.00
# Visual Studio 15
Project("{FAE04EC0-301F-11D3-BF4B-00C04F79EFBC}") = "Assembly-CSharp", "Assembly-CSharp.csproj", "{2AC694FE-A2B2-5465-DED0-77F1BE04CC10}"
EndProject
Project("{FAE04EC0-301F-11D3-BF4B-00C04F79EFBC}") = "Assembly-CSharp-firstpass", "Assembly-CSharp-firstpass.csproj", "{CDC87BA0-25B9-E068-8009-119F55A229F0}"
EndProject
Project("{FAE04EC0-301F-11D3-BF4B-00C04F79EFBC}") = "Assembly-CSharp-Editor", "Assembly-CSharp-Editor.csproj", "{0812411A-710C-DA5A-1553-BF7CEDBC7682}"
EndProject
Global
	GlobalSection(SolutionConfigurationPlatforms) = preSolution
		Debug|Any CPU = Debug|Any CPU
		Release|Any CPU = Release|Any CPU
	EndGlobalSection
	GlobalSection(ProjectConfigurationPlatforms) = postSolution
		{2AC694FE-A2B2-5465-DED0-77F1BE04CC10}.Debug|Any CPU.ActiveCfg = Debug|Any CPU
		{2AC694FE-A2B2-5465-DED0-77F1BE04CC10}.Debug|Any CPU.Build.0 = Debug|Any CPU
		{2AC694FE-A2B2-5465-DED0-77F1BE04CC10}.Release|Any CPU.ActiveCfg = Release|Any CPU
		{2AC694FE-A2B2-5465-DED0-77F1BE04CC10}.Release|Any CPU.Build.0 = Release|Any CPU
		{CDC87BA0-25B9-E068-8009-119F55A229F0}.Debug|Any CPU.ActiveCfg = Debug|Any CPU
		{CDC87BA0-25B9-E068-8009-119F55A229F0}.Debug|Any CPU.Build.0 = Debug|Any CPU
		{CDC87BA0-25B9-E068-8009-119F55A229F0}.Release|Any CPU.ActiveCfg = Release|Any CPU
		{CDC87BA0-25B9-E068-8009-119F55A229F0}.Release|Any CPU.Build.0 = Release|Any CPU
		{0812411A-710C-DA5A-1553-BF7CEDBC7682}.Debug|Any CPU.ActiveCfg = Debug|Any CPU
		{0812411A-710C-DA5A-1553-BF7CEDBC7682}.Debug|Any CPU.Build.0 = Debug|Any CPU
		{0812411A-710C-DA5A-1553-BF7CEDBC7682}.Release|Any CPU.ActiveCfg = Release|Any CPU
		{0812411A-710C-DA5A-1553-BF7CEDBC7682}.Release|Any CPU.Build.0 = Release|Any CPU
	EndGlobalSection
	GlobalSection(SolutionProperties) = preSolution
		HideSolutionNode = FALSE
	EndGlobalSection
EndGlobal
