
Microsoft Visual Studio Solution File, Format Version 12.00
# Visual Studio 15
Project("{FAE04EC0-301F-11D3-BF4B-00C04F79EFBC}") = "Assembly-CSharp", "Assembly-CSharp.csproj", "{90E49C6D-0834-809A-9EF0-3F2BB781EDB0}"
EndProject
Project("{FAE04EC0-301F-11D3-BF4B-00C04F79EFBC}") = "Assembly-CSharp-Editor", "Assembly-CSharp-Editor.csproj", "{C356427B-9C95-EB1B-CD88-9520D30EA576}"
EndProject
Global
	GlobalSection(SolutionConfigurationPlatforms) = preSolution
		Debug|Any CPU = Debug|Any CPU
		Release|Any CPU = Release|Any CPU
	EndGlobalSection
	GlobalSection(ProjectConfigurationPlatforms) = postSolution
		{90E49C6D-0834-809A-9EF0-3F2BB781EDB0}.Debug|Any CPU.ActiveCfg = Debug|Any CPU
		{90E49C6D-0834-809A-9EF0-3F2BB781EDB0}.Debug|Any CPU.Build.0 = Debug|Any CPU
		{90E49C6D-0834-809A-9EF0-3F2BB781EDB0}.Release|Any CPU.ActiveCfg = Release|Any CPU
		{90E49C6D-0834-809A-9EF0-3F2BB781EDB0}.Release|Any CPU.Build.0 = Release|Any CPU
		{C356427B-9C95-EB1B-CD88-9520D30EA576}.Debug|Any CPU.ActiveCfg = Debug|Any CPU
		{C356427B-9C95-EB1B-CD88-9520D30EA576}.Debug|Any CPU.Build.0 = Debug|Any CPU
		{C356427B-9C95-EB1B-CD88-9520D30EA576}.Release|Any CPU.ActiveCfg = Release|Any CPU
		{C356427B-9C95-EB1B-CD88-9520D30EA576}.Release|Any CPU.Build.0 = Release|Any CPU
	EndGlobalSection
	GlobalSection(SolutionProperties) = preSolution
		HideSolutionNode = FALSE
	EndGlobalSection
EndGlobal
