
Microsoft Visual Studio Solution File, Format Version 12.00
# Visual Studio 15
Project("{FAE04EC0-301F-11D3-BF4B-00C04F79EFBC}") = "Assembly-CSharp", "Assembly-CSharp.csproj", "{93B92750-A075-54ED-91C9-7CBE1DEB24E0}"
EndProject
Project("{FAE04EC0-301F-11D3-BF4B-00C04F79EFBC}") = "Assembly-CSharp-Editor", "Assembly-CSharp-Editor.csproj", "{396BB806-689D-0768-3500-EB570D502AE6}"
EndProject
Global
	GlobalSection(SolutionConfigurationPlatforms) = preSolution
		Debug|Any CPU = Debug|Any CPU
		Release|Any CPU = Release|Any CPU
	EndGlobalSection
	GlobalSection(ProjectConfigurationPlatforms) = postSolution
		{93B92750-A075-54ED-91C9-7CBE1DEB24E0}.Debug|Any CPU.ActiveCfg = Debug|Any CPU
		{93B92750-A075-54ED-91C9-7CBE1DEB24E0}.Debug|Any CPU.Build.0 = Debug|Any CPU
		{93B92750-A075-54ED-91C9-7CBE1DEB24E0}.Release|Any CPU.ActiveCfg = Release|Any CPU
		{93B92750-A075-54ED-91C9-7CBE1DEB24E0}.Release|Any CPU.Build.0 = Release|Any CPU
		{396BB806-689D-0768-3500-EB570D502AE6}.Debug|Any CPU.ActiveCfg = Debug|Any CPU
		{396BB806-689D-0768-3500-EB570D502AE6}.Debug|Any CPU.Build.0 = Debug|Any CPU
		{396BB806-689D-0768-3500-EB570D502AE6}.Release|Any CPU.ActiveCfg = Release|Any CPU
		{396BB806-689D-0768-3500-EB570D502AE6}.Release|Any CPU.Build.0 = Release|Any CPU
	EndGlobalSection
	GlobalSection(SolutionProperties) = preSolution
		HideSolutionNode = FALSE
	EndGlobalSection
EndGlobal
